
Microsoft Visual Studio Solution File, Format Version 12.00
# Visual Studio Version 16
VisualStudioVersion = 25.0.1704.4
MinimumVisualStudioVersion = 10.0.40219.1
Project("{FAE04EC0-301F-11D3-BF4B-00C04F79EFBC}") = "HairstyleSolutions", "HairstyleSolutions.csproj", "{2FDC32A7-BFB1-4C0F-99C0-7EB8CFFE181F}"
EndProject
Global
	GlobalSection(SolutionConfigurationPlatforms) = preSolution
		Debug|Any CPU = Debug|Any CPU
		Release|Any CPU = Release|Any CPU
	EndGlobalSection
	GlobalSection(ProjectConfigurationPlatforms) = postSolution
		{2FDC32A7-BFB1-4C0F-99C0-7EB8CFFE181F}.Debug|Any CPU.ActiveCfg = Debug|Any CPU
		{2FDC32A7-BFB1-4C0F-99C0-7EB8CFFE181F}.Debug|Any CPU.Build.0 = Debug|Any CPU
		{2FDC32A7-BFB1-4C0F-99C0-7EB8CFFE181F}.Release|Any CPU.ActiveCfg = Release|Any CPU
		{2FDC32A7-BFB1-4C0F-99C0-7EB8CFFE181F}.Release|Any CPU.Build.0 = Release|Any CPU
	EndGlobalSection
	GlobalSection(SolutionProperties) = preSolution
		HideSolutionNode = FALSE
	EndGlobalSection
	GlobalSection(ExtensibilityGlobals) = postSolution
		SolutionGuid = {6C67D0D5-3CD5-42F2-857E-9112FFF52701}
	EndGlobalSection
EndGlobal
